langcode: en
status: true
dependencies:
  module:
    - rte_mis_core
    - user
  theme:
    - gin
id: gin_sitemenutextheaderfooterblock
theme: gin
region: breadcrumb
weight: -8
provider: null
plugin: site__menu_text_section_block
settings:
  id: site__menu_text_section_block
  label: 'Site Menu Text Header & Footer Block'
  label_display: '0'
  provider: rte_mis_core
  block_text: 'School Education Department RTE Portal Government of India'
visibility:
  user_role:
    id: user_role
    negate: false
    context_mapping:
      user: '@user.current_user_context:current_user'
    roles:
      anonymous: anonymous
      authenticated: authenticated
