langcode: en
status: true
dependencies:
  module:
    - rte_mis_home
    - system
  theme:
    - gin
id: gin_statisticsblock
theme: gin
region: content
weight: -7
provider: null
plugin: rte_mis_home_statistics_block
settings:
  id: rte_mis_home_statistics_block
  label: 'Statistics Block'
  label_display: '0'
  provider: rte_mis_home
visibility:
  request_path:
    id: request_path
    negate: false
    pages: /node
