uuid: 1c8279dd-5c09-4fa9-a61d-32e5cbbe2d78
langcode: en
status: true
dependencies:
  module:
    - block_class
    - rte_mis_home
    - system
  theme:
    - rte_mis_theme
_core:
  default_config_hash: UlNlUOpBQwJdws9dc6Q5AA6KBOcdQ3kdYQ1TatrF_Mw
id: rte_mis_theme_twocolumnblock
theme: rte_mis_theme
region: content
weight: -9
provider: null
plugin: rte_mis_home_two_column_block
settings:
  id: rte_mis_home_two_column_block
  label: 'Two Column Block'
  label_display: '0'
  provider: rte_mis_home
  title: 'What is RTE Section 12(1)(c)'
  description: 'The Right to Education Act, 2009 ensures free and compulsory education for all children aged 6 to 14 years. Section 12(1)(c) mandates private schools to reserve 25% of entry-level seats for children from economically weaker sections and disadvantaged groups.'
  image:
    - '1'
  link: /about-us
visibility:
  request_path:
    id: request_path
    negate: false
    pages: /node
